
Microsoft Visual Studio Solution File, Format Version 12.00
# Visual Studio Version 17
VisualStudioVersion = 17.5.002.0
MinimumVisualStudioVersion = 10.0.40219.1
Project("{9A19103F-16F7-4668-BE54-9A1E7A4F7556}") = "Starter", "Starter.csproj", "{6337334B-8252-4BFE-A8F2-A1E5E881ABCD}"
EndProject
Global
	GlobalSection(SolutionConfigurationPlatforms) = preSolution
		Debug|Any CPU = Debug|Any CPU
		Release|Any CPU = Release|Any CPU
	EndGlobalSection
	GlobalSection(ProjectConfigurationPlatforms) = postSolution
		{6337334B-8252-4BFE-A8F2-A1E5E881ABCD}.Debug|Any CPU.ActiveCfg = Debug|Any CPU
		{6337334B-8252-4BFE-A8F2-A1E5E881ABCD}.Debug|Any CPU.Build.0 = Debug|Any CPU
		{6337334B-8252-4BFE-A8F2-A1E5E881ABCD}.Release|Any CPU.ActiveCfg = Release|Any CPU
		{6337334B-8252-4BFE-A8F2-A1E5E881ABCD}.Release|Any CPU.Build.0 = Release|Any CPU
	EndGlobalSection
	GlobalSection(SolutionProperties) = preSolution
		HideSolutionNode = FALSE
	EndGlobalSection
	GlobalSection(ExtensibilityGlobals) = postSolution
		SolutionGuid = {1A6566A1-72DE-4C2C-A10C-0F2F05EEADFC}
	EndGlobalSection
EndGlobal
